
Microsoft Visual Studio Solution File, Format Version 12.00
# Visual Studio 15
VisualStudioVersion = 15.0.34930.48
MinimumVisualStudioVersion = 10.0.40219.1
Project("{FAE04EC0-301F-11D3-BF4B-00C04F79EFBC}") = "InventoryManagementTask", "InventoryManagementTask\InventoryManagementTask.csproj", "{8985D40C-7102-4B04-B244-2725728E08A9}"
EndProject
Project("{FAE04EC0-301F-11D3-BF4B-00C04F79EFBC}") = "MODEL", "MODEL\MODEL.csproj", "{72408AA5-0C31-418E-8D4D-4767492C0210}"
EndProject
Project("{FAE04EC0-301F-11D3-BF4B-00C04F79EFBC}") = "DAL", "DAL\DAL.csproj", "{D68A72F1-F148-49D4-B463-FC3DEB404A6E}"
EndProject
Project("{FAE04EC0-301F-11D3-BF4B-00C04F79EFBC}") = "BAL", "BAL\BAL.csproj", "{2BF1C3D7-1577-4C17-AAC9-C87637FFF7A6}"
EndProject
Global
	GlobalSection(SolutionConfigurationPlatforms) = preSolution
		Debug|Any CPU = Debug|Any CPU
		Release|Any CPU = Release|Any CPU
	EndGlobalSection
	GlobalSection(ProjectConfigurationPlatforms) = postSolution
		{8985D40C-7102-4B04-B244-2725728E08A9}.Debug|Any CPU.ActiveCfg = Debug|Any CPU
		{8985D40C-7102-4B04-B244-2725728E08A9}.Debug|Any CPU.Build.0 = Debug|Any CPU
		{8985D40C-7102-4B04-B244-2725728E08A9}.Release|Any CPU.ActiveCfg = Release|Any CPU
		{8985D40C-7102-4B04-B244-2725728E08A9}.Release|Any CPU.Build.0 = Release|Any CPU
		{72408AA5-0C31-418E-8D4D-4767492C0210}.Debug|Any CPU.ActiveCfg = Debug|Any CPU
		{72408AA5-0C31-418E-8D4D-4767492C0210}.Debug|Any CPU.Build.0 = Debug|Any CPU
		{72408AA5-0C31-418E-8D4D-4767492C0210}.Release|Any CPU.ActiveCfg = Release|Any CPU
		{72408AA5-0C31-418E-8D4D-4767492C0210}.Release|Any CPU.Build.0 = Release|Any CPU
		{D68A72F1-F148-49D4-B463-FC3DEB404A6E}.Debug|Any CPU.ActiveCfg = Debug|Any CPU
		{D68A72F1-F148-49D4-B463-FC3DEB404A6E}.Debug|Any CPU.Build.0 = Debug|Any CPU
		{D68A72F1-F148-49D4-B463-FC3DEB404A6E}.Release|Any CPU.ActiveCfg = Release|Any CPU
		{D68A72F1-F148-49D4-B463-FC3DEB404A6E}.Release|Any CPU.Build.0 = Release|Any CPU
		{2BF1C3D7-1577-4C17-AAC9-C87637FFF7A6}.Debug|Any CPU.ActiveCfg = Debug|Any CPU
		{2BF1C3D7-1577-4C17-AAC9-C87637FFF7A6}.Debug|Any CPU.Build.0 = Debug|Any CPU
		{2BF1C3D7-1577-4C17-AAC9-C87637FFF7A6}.Release|Any CPU.ActiveCfg = Release|Any CPU
		{2BF1C3D7-1577-4C17-AAC9-C87637FFF7A6}.Release|Any CPU.Build.0 = Release|Any CPU
	EndGlobalSection
	GlobalSection(SolutionProperties) = preSolution
		HideSolutionNode = FALSE
	EndGlobalSection
	GlobalSection(ExtensibilityGlobals) = postSolution
		SolutionGuid = {762FC1B6-C7D4-4C35-9C6C-04FE7A34EF6C}
	EndGlobalSection
EndGlobal
